// !$*UTF8*$!
{
	archiveVersion = 1;
	classes = {
	};
	objectVersion = 55;
	objects = {

/* Begin PBXBuildFile section */
		315EB415292ABE0400D742B2 /* SearchViewController.swift in Sources */ = {isa = PBXBuildFile; fileRef = 315EB414292ABE0400D742B2 /* SearchViewController.swift */; };
		315EB417292ABE2F00D742B2 /* FavoritesListViewController.swift in Sources */ = {isa = PBXBuildFile; fileRef = 315EB416292ABE2F00D742B2 /* FavoritesListViewController.swift */; };
		315EB419292AC46100D742B2 /* GFButton.swift in Sources */ = {isa = PBXBuildFile; fileRef = 315EB418292AC46100D742B2 /* GFButton.swift */; };
		315EB41B292AEAE600D742B2 /* GFTextField.swift in Sources */ = {isa = PBXBuildFile; fileRef = 315EB41A292AEAE600D742B2 /* GFTextField.swift */; };
		315EB41D292AEDE500D742B2 /* SearchView.swift in Sources */ = {isa = PBXBuildFile; fileRef = 315EB41C292AEDE500D742B2 /* SearchView.swift */; };
		315EB41F292AF13300D742B2 /* FavoritesListView.swift in Sources */ = {isa = PBXBuildFile; fileRef = 315EB41E292AF13300D742B2 /* FavoritesListView.swift */; };
		3197F87E292AF2730037AF73 /* GFImageView.swift in Sources */ = {isa = PBXBuildFile; fileRef = 3197F87D292AF2730037AF73 /* GFImageView.swift */; };
		3197F880292AFB590037AF73 /* GFViewController.swift in Sources */ = {isa = PBXBuildFile; fileRef = 3197F87F292AFB590037AF73 /* GFViewController.swift */; };
		3197F882292B039B0037AF73 /* FollowersListViewController.swift in Sources */ = {isa = PBXBuildFile; fileRef = 3197F881292B039B0037AF73 /* FollowersListViewController.swift */; };
		3197F884292B03B70037AF73 /* FollowersListView.swift in Sources */ = {isa = PBXBuildFile; fileRef = 3197F883292B03B70037AF73 /* FollowersListView.swift */; };
		3197F886292B05090037AF73 /* SearchViewModel.swift in Sources */ = {isa = PBXBuildFile; fileRef = 3197F885292B05090037AF73 /* SearchViewModel.swift */; };
		31EE0B5C292AB8B100C300CB /* AppDelegate.swift in Sources */ = {isa = PBXBuildFile; fileRef = 31EE0B5B292AB8B100C300CB /* AppDelegate.swift */; };
		31EE0B5E292AB8B100C300CB /* SceneDelegate.swift in Sources */ = {isa = PBXBuildFile; fileRef = 31EE0B5D292AB8B100C300CB /* SceneDelegate.swift */; };
		31EE0B65292AB8B400C300CB /* Assets.xcassets in Resources */ = {isa = PBXBuildFile; fileRef = 31EE0B64292AB8B400C300CB /* Assets.xcassets */; };
		31EE0B68292AB8B400C300CB /* LaunchScreen.storyboard in Resources */ = {isa = PBXBuildFile; fileRef = 31EE0B66292AB8B400C300CB /* LaunchScreen.storyboard */; };
/* End PBXBuildFile section */

/* Begin PBXFileReference section */
		315EB414292ABE0400D742B2 /* SearchViewController.swift */ = {isa = PBXFileReference; lastKnownFileType = sourcecode.swift; path = SearchViewController.swift; sourceTree = "<group>"; };
		315EB416292ABE2F00D742B2 /* FavoritesListViewController.swift */ = {isa = PBXFileReference; lastKnownFileType = sourcecode.swift; path = FavoritesListViewController.swift; sourceTree = "<group>"; };
		315EB418292AC46100D742B2 /* GFButton.swift */ = {isa = PBXFileReference; lastKnownFileType = sourcecode.swift; path = GFButton.swift; sourceTree = "<group>"; };
		315EB41A292AEAE600D742B2 /* GFTextField.swift */ = {isa = PBXFileReference; lastKnownFileType = sourcecode.swift; path = GFTextField.swift; sourceTree = "<group>"; };
		315EB41C292AEDE500D742B2 /* SearchView.swift */ = {isa = PBXFileReference; lastKnownFileType = sourcecode.swift; path = SearchView.swift; sourceTree = "<group>"; };
		315EB41E292AF13300D742B2 /* FavoritesListView.swift */ = {isa = PBXFileReference; lastKnownFileType = sourcecode.swift; path = FavoritesListView.swift; sourceTree = "<group>"; };
		3197F87D292AF2730037AF73 /* GFImageView.swift */ = {isa = PBXFileReference; lastKnownFileType = sourcecode.swift; path = GFImageView.swift; sourceTree = "<group>"; };
		3197F87F292AFB590037AF73 /* GFViewController.swift */ = {isa = PBXFileReference; lastKnownFileType = sourcecode.swift; path = GFViewController.swift; sourceTree = "<group>"; };
		3197F881292B039B0037AF73 /* FollowersListViewController.swift */ = {isa = PBXFileReference; lastKnownFileType = sourcecode.swift; path = FollowersListViewController.swift; sourceTree = "<group>"; };
		3197F883292B03B70037AF73 /* FollowersListView.swift */ = {isa = PBXFileReference; lastKnownFileType = sourcecode.swift; path = FollowersListView.swift; sourceTree = "<group>"; };
		3197F885292B05090037AF73 /* SearchViewModel.swift */ = {isa = PBXFileReference; lastKnownFileType = sourcecode.swift; path = SearchViewModel.swift; sourceTree = "<group>"; };
		31EE0B58292AB8B100C300CB /* GitHub-App.app */ = {isa = PBXFileReference; explicitFileType = wrapper.application; includeInIndex = 0; path = "GitHub-App.app"; sourceTree = BUILT_PRODUCTS_DIR; };
		31EE0B5B292AB8B100C300CB /* AppDelegate.swift */ = {isa = PBXFileReference; lastKnownFileType = sourcecode.swift; path = AppDelegate.swift; sourceTree = "<group>"; };
		31EE0B5D292AB8B100C300CB /* SceneDelegate.swift */ = {isa = PBXFileReference; lastKnownFileType = sourcecode.swift; path = SceneDelegate.swift; sourceTree = "<group>"; };
		31EE0B64292AB8B400C300CB /* Assets.xcassets */ = {isa = PBXFileReference; lastKnownFileType = folder.assetcatalog; path = Assets.xcassets; sourceTree = "<group>"; };
		31EE0B67292AB8B400C300CB /* Base */ = {isa = PBXFileReference; lastKnownFileType = file.storyboard; name = Base; path = Base.lproj/LaunchScreen.storyboard; sourceTree = "<group>"; };
		31EE0B69292AB8B400C300CB /* Info.plist */ = {isa = PBXFileReference; lastKnownFileType = text.plist.xml; path = Info.plist; sourceTree = "<group>"; };
/* End PBXFileReference section */

/* Begin PBXFrameworksBuildPhase section */
		31EE0B55292AB8B100C300CB /* Frameworks */ = {
			isa = PBXFrameworksBuildPhase;
			buildActionMask = 2147483647;
			files = (
			);
			runOnlyForDeploymentPostprocessing = 0;
		};
/* End PBXFrameworksBuildPhase section */

/* Begin PBXGroup section */
		31EE0B4F292AB8B100C300CB = {
			isa = PBXGroup;
			children = (
				31EE0B5A292AB8B100C300CB /* GitHub-App */,
				31EE0B59292AB8B100C300CB /* Products */,
			);
			sourceTree = "<group>";
		};
		31EE0B59292AB8B100C300CB /* Products */ = {
			isa = PBXGroup;
			children = (
				31EE0B58292AB8B100C300CB /* GitHub-App.app */,
			);
			name = Products;
			sourceTree = "<group>";
		};
		31EE0B5A292AB8B100C300CB /* GitHub-App */ = {
			isa = PBXGroup;
			children = (
				31EE0B5B292AB8B100C300CB /* AppDelegate.swift */,
				31EE0B5D292AB8B100C300CB /* SceneDelegate.swift */,
				315EB41C292AEDE500D742B2 /* SearchView.swift */,
				315EB414292ABE0400D742B2 /* SearchViewController.swift */,
				3197F885292B05090037AF73 /* SearchViewModel.swift */,
				315EB416292ABE2F00D742B2 /* FavoritesListViewController.swift */,
				315EB41E292AF13300D742B2 /* FavoritesListView.swift */,
				3197F881292B039B0037AF73 /* FollowersListViewController.swift */,
				3197F883292B03B70037AF73 /* FollowersListView.swift */,
				315EB418292AC46100D742B2 /* GFButton.swift */,
				315EB41A292AEAE600D742B2 /* GFTextField.swift */,
				3197F87D292AF2730037AF73 /* GFImageView.swift */,
				3197F87F292AFB590037AF73 /* GFViewController.swift */,
				31EE0B64292AB8B400C300CB /* Assets.xcassets */,
				31EE0B66292AB8B400C300CB /* LaunchScreen.storyboard */,
				31EE0B69292AB8B400C300CB /* Info.plist */,
			);
			path = "GitHub-App";
			sourceTree = "<group>";
		};
/* End PBXGroup section */

/* Begin PBXNativeTarget section */
		31EE0B57292AB8B100C300CB /* GitHub-App */ = {
			isa = PBXNativeTarget;
			buildConfigurationList = 31EE0B6C292AB8B400C300CB /* Build configuration list for PBXNativeTarget "GitHub-App" */;
			buildPhases = (
				31EE0B54292AB8B100C300CB /* Sources */,
				31EE0B55292AB8B100C300CB /* Frameworks */,
				31EE0B56292AB8B100C300CB /* Resources */,
			);
			buildRules = (
			);
			dependencies = (
			);
			name = "GitHub-App";
			productName = "GitHub-App";
			productReference = 31EE0B58292AB8B100C300CB /* GitHub-App.app */;
			productType = "com.apple.product-type.application";
		};
/* End PBXNativeTarget section */

/* Begin PBXProject section */
		31EE0B50292AB8B100C300CB /* Project object */ = {
			isa = PBXProject;
			attributes = {
				BuildIndependentTargetsInParallel = 1;
				LastSwiftUpdateCheck = 1340;
				LastUpgradeCheck = 1340;
				TargetAttributes = {
					31EE0B57292AB8B100C300CB = {
						CreatedOnToolsVersion = 13.4.1;
					};
				};
			};
			buildConfigurationList = 31EE0B53292AB8B100C300CB /* Build configuration list for PBXProject "GitHub-App" */;
			compatibilityVersion = "Xcode 13.0";
			developmentRegion = en;
			hasScannedForEncodings = 0;
			knownRegions = (
				en,
				Base,
			);
			mainGroup = 31EE0B4F292AB8B100C300CB;
			productRefGroup = 31EE0B59292AB8B100C300CB /* Products */;
			projectDirPath = "";
			projectRoot = "";
			targets = (
				31EE0B57292AB8B100C300CB /* GitHub-App */,
			);
		};
/* End PBXProject section */

/* Begin PBXResourcesBuildPhase section */
		31EE0B56292AB8B100C300CB /* Resources */ = {
			isa = PBXResourcesBuildPhase;
			buildActionMask = 2147483647;
			files = (
				31EE0B68292AB8B400C300CB /* LaunchScreen.storyboard in Resources */,
				31EE0B65292AB8B400C300CB /* Assets.xcassets in Resources */,
			);
			runOnlyForDeploymentPostprocessing = 0;
		};
/* End PBXResourcesBuildPhase section */

/* Begin PBXSourcesBuildPhase section */
		31EE0B54292AB8B100C300CB /* Sources */ = {
			isa = PBXSourcesBuildPhase;
			buildActionMask = 2147483647;
			files = (
				315EB41F292AF13300D742B2 /* FavoritesListView.swift in Sources */,
				315EB41B292AEAE600D742B2 /* GFTextField.swift in Sources */,
				31EE0B5C292AB8B100C300CB /* AppDelegate.swift in Sources */,
				3197F882292B039B0037AF73 /* FollowersListViewController.swift in Sources */,
				315EB419292AC46100D742B2 /* GFButton.swift in Sources */,
				3197F886292B05090037AF73 /* SearchViewModel.swift in Sources */,
				315EB41D292AEDE500D742B2 /* SearchView.swift in Sources */,
				3197F87E292AF2730037AF73 /* GFImageView.swift in Sources */,
				315EB415292ABE0400D742B2 /* SearchViewController.swift in Sources */,
				315EB417292ABE2F00D742B2 /* FavoritesListViewController.swift in Sources */,
				31EE0B5E292AB8B100C300CB /* SceneDelegate.swift in Sources */,
				3197F884292B03B70037AF73 /* FollowersListView.swift in Sources */,
				3197F880292AFB590037AF73 /* GFViewController.swift in Sources */,
			);
			runOnlyForDeploymentPostprocessing = 0;
		};
/* End PBXSourcesBuildPhase section */

/* Begin PBXVariantGroup section */
		31EE0B66292AB8B400C300CB /* LaunchScreen.storyboard */ = {
			isa = PBXVariantGroup;
			children = (
				31EE0B67292AB8B400C300CB /* Base */,
			);
			name = LaunchScreen.storyboard;
			sourceTree = "<group>";
		};
/* End PBXVariantGroup section */

/* Begin XCBuildConfiguration section */
		31EE0B6A292AB8B400C300CB /* Debug */ = {
			isa = XCBuildConfiguration;
			buildSettings = {
				ALWAYS_SEARCH_USER_PATHS = NO;
				CLANG_ANALYZER_NONNULL = YES;
				CLANG_ANALYZER_NUMBER_OBJECT_CONVERSION = YES_AGGRESSIVE;
				CLANG_CXX_LANGUAGE_STANDARD = "gnu++17";
				CLANG_ENABLE_MODULES = YES;
				CLANG_ENABLE_OBJC_ARC = YES;
				CLANG_ENABLE_OBJC_WEAK = YES;
				CLANG_WARN_BLOCK_CAPTURE_AUTORELEASING = YES;
				CLANG_WARN_BOOL_CONVERSION = YES;
				CLANG_WARN_COMMA = YES;
				CLANG_WARN_CONSTANT_CONVERSION = YES;
				CLANG_WARN_DEPRECATED_OBJC_IMPLEMENTATIONS = YES;
				CLANG_WARN_DIRECT_OBJC_ISA_USAGE = YES_ERROR;
				CLANG_WARN_DOCUMENTATION_COMMENTS = YES;
				CLANG_WARN_EMPTY_BODY = YES;
				CLANG_WARN_ENUM_CONVERSION = YES;
				CLANG_WARN_INFINITE_RECURSION = YES;
				CLANG_WARN_INT_CONVERSION = YES;
				CLANG_WARN_NON_LITERAL_NULL_CONVERSION = YES;
				CLANG_WARN_OBJC_IMPLICIT_RETAIN_SELF = YES;
				CLANG_WARN_OBJC_LITERAL_CONVERSION = YES;
				CLANG_WARN_OBJC_ROOT_CLASS = YES_ERROR;
				CLANG_WARN_QUOTED_INCLUDE_IN_FRAMEWORK_HEADER = YES;
				CLANG_WARN_RANGE_LOOP_ANALYSIS = YES;
				CLANG_WARN_STRICT_PROTOTYPES = YES;
				CLANG_WARN_SUSPICIOUS_MOVE = YES;
				CLANG_WARN_UNGUARDED_AVAILABILITY = YES_AGGRESSIVE;
				CLANG_WARN_UNREACHABLE_CODE = YES;
				CLANG_WARN__DUPLICATE_METHOD_MATCH = YES;
				COPY_PHASE_STRIP = NO;
				DEBUG_INFORMATION_FORMAT = dwarf;
				ENABLE_STRICT_OBJC_MSGSEND = YES;
				ENABLE_TESTABILITY = YES;
				GCC_C_LANGUAGE_STANDARD = gnu11;
				GCC_DYNAMIC_NO_PIC = NO;
				GCC_NO_COMMON_BLOCKS = YES;
				GCC_OPTIMIZATION_LEVEL = 0;
				GCC_PREPROCESSOR_DEFINITIONS = (
					"DEBUG=1",
					"$(inherited)",
				);
				GCC_WARN_64_TO_32_BIT_CONVERSION = YES;
				GCC_WARN_ABOUT_RETURN_TYPE = YES_ERROR;
				GCC_WARN_UNDECLARED_SELECTOR = YES;
				GCC_WARN_UNINITIALIZED_AUTOS = YES_AGGRESSIVE;
				GCC_WARN_UNUSED_FUNCTION = YES;
				GCC_WARN_UNUSED_VARIABLE = YES;
				IPHONEOS_DEPLOYMENT_TARGET = 15.5;
				MTL_ENABLE_DEBUG_INFO = INCLUDE_SOURCE;
				MTL_FAST_MATH = YES;
				ONLY_ACTIVE_ARCH = YES;
				SDKROOT = iphoneos;
				SWIFT_ACTIVE_COMPILATION_CONDITIONS = DEBUG;
				SWIFT_OPTIMIZATION_LEVEL = "-Onone";
			};
			name = Debug;
		};
		31EE0B6B292AB8B400C300CB /* Release */ = {
			isa = XCBuildConfiguration;
			buildSettings = {
				ALWAYS_SEARCH_USER_PATHS = NO;
				CLANG_ANALYZER_NONNULL = YES;
				CLANG_ANALYZER_NUMBER_OBJECT_CONVERSION = YES_AGGRESSIVE;
				CLANG_CXX_LANGUAGE_STANDARD = "gnu++17";
				CLANG_ENABLE_MODULES = YES;
				CLANG_ENABLE_OBJC_ARC = YES;
				CLANG_ENABLE_OBJC_WEAK = YES;
				CLANG_WARN_BLOCK_CAPTURE_AUTORELEASING = YES;
				CLANG_WARN_BOOL_CONVERSION = YES;
				CLANG_WARN_COMMA = YES;
				CLANG_WARN_CONSTANT_CONVERSION = YES;
				CLANG_WARN_DEPRECATED_OBJC_IMPLEMENTATIONS = YES;
				CLANG_WARN_DIRECT_OBJC_ISA_USAGE = YES_ERROR;
				CLANG_WARN_DOCUMENTATION_COMMENTS = YES;
				CLANG_WARN_EMPTY_BODY = YES;
				CLANG_WARN_ENUM_CONVERSION = YES;
				CLANG_WARN_INFINITE_RECURSION = YES;
				CLANG_WARN_INT_CONVERSION = YES;
				CLANG_WARN_NON_LITERAL_NULL_CONVERSION = YES;
				CLANG_WARN_OBJC_IMPLICIT_RETAIN_SELF = YES;
				CLANG_WARN_OBJC_LITERAL_CONVERSION = YES;
				CLANG_WARN_OBJC_ROOT_CLASS = YES_ERROR;
				CLANG_WARN_QUOTED_INCLUDE_IN_FRAMEWORK_HEADER = YES;
				CLANG_WARN_RANGE_LOOP_ANALYSIS = YES;
				CLANG_WARN_STRICT_PROTOTYPES = YES;
				CLANG_WARN_SUSPICIOUS_MOVE = YES;
				CLANG_WARN_UNGUARDED_AVAILABILITY = YES_AGGRESSIVE;
				CLANG_WARN_UNREACHABLE_CODE = YES;
				CLANG_WARN__DUPLICATE_METHOD_MATCH = YES;
				COPY_PHASE_STRIP = NO;
				DEBUG_INFORMATION_FORMAT = "dwarf-with-dsym";
				ENABLE_NS_ASSERTIONS = NO;
				ENABLE_STRICT_OBJC_MSGSEND = YES;
				GCC_C_LANGUAGE_STANDARD = gnu11;
				GCC_NO_COMMON_BLOCKS = YES;
				GCC_WARN_64_TO_32_BIT_CONVERSION = YES;
				GCC_WARN_ABOUT_RETURN_TYPE = YES_ERROR;
				GCC_WARN_UNDECLARED_SELECTOR = YES;
				GCC_WARN_UNINITIALIZED_AUTOS = YES_AGGRESSIVE;
				GCC_WARN_UNUSED_FUNCTION = YES;
				GCC_WARN_UNUSED_VARIABLE = YES;
				IPHONEOS_DEPLOYMENT_TARGET = 15.5;
				MTL_ENABLE_DEBUG_INFO = NO;
				MTL_FAST_MATH = YES;
				SDKROOT = iphoneos;
				SWIFT_COMPILATION_MODE = wholemodule;
				SWIFT_OPTIMIZATION_LEVEL = "-O";
				VALIDATE_PRODUCT = YES;
			};
			name = Release;
		};
		31EE0B6D292AB8B400C300CB /* Debug */ = {
			isa = XCBuildConfiguration;
			buildSettings = {
				ASSETCATALOG_COMPILER_APPICON_NAME = AppIcon;
				ASSETCATALOG_COMPILER_GLOBAL_ACCENT_COLOR_NAME = AccentColor;
				CODE_SIGN_STYLE = Automatic;
				CURRENT_PROJECT_VERSION = 1;
				DEVELOPMENT_TEAM = P2VHV5YCL6;
				GENERATE_INFOPLIST_FILE = YES;
				INFOPLIST_FILE = "GitHub-App/Info.plist";
				INFOPLIST_KEY_UIApplicationSupportsIndirectInputEvents = YES;
				INFOPLIST_KEY_UILaunchStoryboardName = LaunchScreen;
				INFOPLIST_KEY_UISupportedInterfaceOrientations = UIInterfaceOrientationPortrait;
				INFOPLIST_KEY_UISupportedInterfaceOrientations_iPad = "UIInterfaceOrientationPortrait UIInterfaceOrientationPortraitUpsideDown UIInterfaceOrientationLandscapeLeft UIInterfaceOrientationLandscapeRight";
				INFOPLIST_KEY_UISupportedInterfaceOrientations_iPhone = "UIInterfaceOrientationPortrait UIInterfaceOrientationLandscapeLeft UIInterfaceOrientationLandscapeRight";
				IPHONEOS_DEPLOYMENT_TARGET = 13.0;
				LD_RUNPATH_SEARCH_PATHS = (
					"$(inherited)",
					"@executable_path/Frameworks",
				);
				MARKETING_VERSION = 1.0;
				PRODUCT_BUNDLE_IDENTIFIER = "com.diegoferreira.GitHub-App";
				PRODUCT_NAME = "$(TARGET_NAME)";
				SWIFT_EMIT_LOC_STRINGS = YES;
				SWIFT_VERSION = 5.0;
				TARGETED_DEVICE_FAMILY = 1;
			};
			name = Debug;
		};
		31EE0B6E292AB8B400C300CB /* Release */ = {
			isa = XCBuildConfiguration;
			buildSettings = {
				ASSETCATALOG_COMPILER_APPICON_NAME = AppIcon;
				ASSETCATALOG_COMPILER_GLOBAL_ACCENT_COLOR_NAME = AccentColor;
				CODE_SIGN_STYLE = Automatic;
				CURRENT_PROJECT_VERSION = 1;
				DEVELOPMENT_TEAM = P2VHV5YCL6;
				GENERATE_INFOPLIST_FILE = YES;
				INFOPLIST_FILE = "GitHub-App/Info.plist";
				INFOPLIST_KEY_UIApplicationSupportsIndirectInputEvents = YES;
				INFOPLIST_KEY_UILaunchStoryboardName = LaunchScreen;
				INFOPLIST_KEY_UISupportedInterfaceOrientations = UIInterfaceOrientationPortrait;
				INFOPLIST_KEY_UISupportedInterfaceOrientations_iPad = "UIInterfaceOrientationPortrait UIInterfaceOrientationPortraitUpsideDown UIInterfaceOrientationLandscapeLeft UIInterfaceOrientationLandscapeRight";
				INFOPLIST_KEY_UISupportedInterfaceOrientations_iPhone = "UIInterfaceOrientationPortrait UIInterfaceOrientationLandscapeLeft UIInterfaceOrientationLandscapeRight";
				IPHONEOS_DEPLOYMENT_TARGET = 13.0;
				LD_RUNPATH_SEARCH_PATHS = (
					"$(inherited)",
					"@executable_path/Frameworks",
				);
				MARKETING_VERSION = 1.0;
				PRODUCT_BUNDLE_IDENTIFIER = "com.diegoferreira.GitHub-App";
				PRODUCT_NAME = "$(TARGET_NAME)";
				SWIFT_EMIT_LOC_STRINGS = YES;
				SWIFT_VERSION = 5.0;
				TARGETED_DEVICE_FAMILY = 1;
			};
			name = Release;
		};
/* End XCBuildConfiguration section */

/* Begin XCConfigurationList section */
		31EE0B53292AB8B100C300CB /* Build configuration list for PBXProject "GitHub-App" */ = {
			isa = XCConfigurationList;
			buildConfigurations = (
				31EE0B6A292AB8B400C300CB /* Debug */,
				31EE0B6B292AB8B400C300CB /* Release */,
			);
			defaultConfigurationIsVisible = 0;
			defaultConfigurationName = Release;
		};
		31EE0B6C292AB8B400C300CB /* Build configuration list for PBXNativeTarget "GitHub-App" */ = {
			isa = XCConfigurationList;
			buildConfigurations = (
				31EE0B6D292AB8B400C300CB /* Debug */,
				31EE0B6E292AB8B400C300CB /* Release */,
			);
			defaultConfigurationIsVisible = 0;
			defaultConfigurationName = Release;
		};
/* End XCConfigurationList section */
	};
	rootObject = 31EE0B50292AB8B100C300CB /* Project object */;
}
